
Microsoft Visual Studio Solution File, Format Version 12.00
# Visual Studio Version 17
VisualStudioVersion = 17.14.36127.28 d17.14
MinimumVisualStudioVersion = 10.0.40219.1
Project("{FAE04EC0-301F-11D3-BF4B-00C04F79EFBC}") = "tartempion", "tartempion\tartempion.csproj", "{22C22AB7-6DE0-4047-A491-0D3DC1415021}"
EndProject
Global
	GlobalSection(SolutionConfigurationPlatforms) = preSolution
		Debug|Any CPU = Debug|Any CPU
		Release|Any CPU = Release|Any CPU
	EndGlobalSection
	GlobalSection(ProjectConfigurationPlatforms) = postSolution
		{22C22AB7-6DE0-4047-A491-0D3DC1415021}.Debug|Any CPU.ActiveCfg = Debug|Any CPU
		{22C22AB7-6DE0-4047-A491-0D3DC1415021}.Debug|Any CPU.Build.0 = Debug|Any CPU
		{22C22AB7-6DE0-4047-A491-0D3DC1415021}.Release|Any CPU.ActiveCfg = Release|Any CPU
		{22C22AB7-6DE0-4047-A491-0D3DC1415021}.Release|Any CPU.Build.0 = Release|Any CPU
	EndGlobalSection
	GlobalSection(SolutionProperties) = preSolution
		HideSolutionNode = FALSE
	EndGlobalSection
	GlobalSection(ExtensibilityGlobals) = postSolution
		SolutionGuid = {8C4CE465-B0F5-4327-8017-10709B908F17}
	EndGlobalSection
EndGlobal
